
Microsoft Visual Studio Solution File, Format Version 12.00
# Visual Studio Version 17
VisualStudioVersion = 17.14.36127.28 d17.14
MinimumVisualStudioVersion = 10.0.40219.1
Project("{FAE04EC0-301F-11D3-BF4B-00C04F79EFBC}") = "PipMyWindow", "PipMyWindow.csproj", "{937E31EB-B2C1-48D7-9F5B-40160C45CF73}"
EndProject
Global
	GlobalSection(SolutionConfigurationPlatforms) = preSolution
		Debug|Any CPU = Debug|Any CPU
		Release|Any CPU = Release|Any CPU
	EndGlobalSection
	GlobalSection(ProjectConfigurationPlatforms) = postSolution
		{937E31EB-B2C1-48D7-9F5B-40160C45CF73}.Debug|Any CPU.ActiveCfg = Debug|Any CPU
		{937E31EB-B2C1-48D7-9F5B-40160C45CF73}.Debug|Any CPU.Build.0 = Debug|Any CPU
		{937E31EB-B2C1-48D7-9F5B-40160C45CF73}.Release|Any CPU.ActiveCfg = Release|Any CPU
		{937E31EB-B2C1-48D7-9F5B-40160C45CF73}.Release|Any CPU.Build.0 = Release|Any CPU
	EndGlobalSection
	GlobalSection(SolutionProperties) = preSolution
		HideSolutionNode = FALSE
	EndGlobalSection
	GlobalSection(ExtensibilityGlobals) = postSolution
		SolutionGuid = {C6F1151C-8B84-4ADA-BDC3-F21A486CD78B}
	EndGlobalSection
EndGlobal
